
Microsoft Visual Studio Solution File, Format Version 12.00
# Visual Studio Version 17
VisualStudioVersion = 17.13.35825.156 d17.13
MinimumVisualStudioVersion = 10.0.40219.1
Project("{FAE04EC0-301F-11D3-BF4B-00C04F79EFBC}") = "AuthInAsp", "AuthInAsp\AuthInAsp.csproj", "{67CEE334-3D86-4B1E-8BDC-3274C81B8E6C}"
EndProject
Global
	GlobalSection(SolutionConfigurationPlatforms) = preSolution
		Debug|Any CPU = Debug|Any CPU
		Release|Any CPU = Release|Any CPU
	EndGlobalSection
	GlobalSection(ProjectConfigurationPlatforms) = postSolution
		{67CEE334-3D86-4B1E-8BDC-3274C81B8E6C}.Debug|Any CPU.ActiveCfg = Debug|Any CPU
		{67CEE334-3D86-4B1E-8BDC-3274C81B8E6C}.Debug|Any CPU.Build.0 = Debug|Any CPU
		{67CEE334-3D86-4B1E-8BDC-3274C81B8E6C}.Release|Any CPU.ActiveCfg = Release|Any CPU
		{67CEE334-3D86-4B1E-8BDC-3274C81B8E6C}.Release|Any CPU.Build.0 = Release|Any CPU
	EndGlobalSection
	GlobalSection(SolutionProperties) = preSolution
		HideSolutionNode = FALSE
	EndGlobalSection
	GlobalSection(ExtensibilityGlobals) = postSolution
		SolutionGuid = {6E3D66EE-17CA-4512-A9E8-CBB9E0D0304B}
	EndGlobalSection
EndGlobal
